
Microsoft Visual Studio Solution File, Format Version 12.00
# Visual Studio Version 16
VisualStudioVersion = 16.0.32602.291
MinimumVisualStudioVersion = 10.0.40219.1
Project("{FAE04EC0-301F-11D3-BF4B-00C04F79EFBC}") = "template-csharp-mongodb", "template-csharp-mongodb\template-csharp-mongodb.csproj", "{E9C01DCD-38BB-4C70-9B45-2BE9D914E680}"
EndProject
Project("{FAE04EC0-301F-11D3-BF4B-00C04F79EFBC}") = "template-csharp-mongodbTests", "template-csharp-mongodbTests\template-csharp-mongodbTests.csproj", "{3C749EE8-EB18-4EDA-B5A2-F11177CEB081}"
EndProject
Global
	GlobalSection(SolutionConfigurationPlatforms) = preSolution
		Debug|Any CPU = Debug|Any CPU
		Release|Any CPU = Release|Any CPU
	EndGlobalSection
	GlobalSection(ProjectConfigurationPlatforms) = postSolution
		{E9C01DCD-38BB-4C70-9B45-2BE9D914E680}.Debug|Any CPU.ActiveCfg = Debug|Any CPU
		{E9C01DCD-38BB-4C70-9B45-2BE9D914E680}.Debug|Any CPU.Build.0 = Debug|Any CPU
		{E9C01DCD-38BB-4C70-9B45-2BE9D914E680}.Release|Any CPU.ActiveCfg = Release|Any CPU
		{E9C01DCD-38BB-4C70-9B45-2BE9D914E680}.Release|Any CPU.Build.0 = Release|Any CPU
		{3C749EE8-EB18-4EDA-B5A2-F11177CEB081}.Debug|Any CPU.ActiveCfg = Debug|Any CPU
		{3C749EE8-EB18-4EDA-B5A2-F11177CEB081}.Debug|Any CPU.Build.0 = Debug|Any CPU
		{3C749EE8-EB18-4EDA-B5A2-F11177CEB081}.Release|Any CPU.ActiveCfg = Release|Any CPU
		{3C749EE8-EB18-4EDA-B5A2-F11177CEB081}.Release|Any CPU.Build.0 = Release|Any CPU
	EndGlobalSection
	GlobalSection(SolutionProperties) = preSolution
		HideSolutionNode = FALSE
	EndGlobalSection
	GlobalSection(ExtensibilityGlobals) = postSolution
		SolutionGuid = {A8DF9B18-447C-4A85-A533-C2D851102D84}
	EndGlobalSection
EndGlobal
